{
  "name": "agent-university-qm-deployment",
  "version": "0.0.0",
  "lockfileVersion": 3,
  "requires": true,
  "packages": {
    "": {
      "name": "agent-university-qm-deployment",
      "version": "0.0.0",
      "dependencies": {
        "@yc-software/qm": "0.1.12"
      },
      "engines": {
        "node": ">=24.0.0"
      }
    },
    "node_modules/@yc-software/qm": {
      "version": "0.1.12",
      "resolved": "https://registry.npmjs.org/@yc-software/qm/-/qm-0.1.12.tgz",
      "integrity": "sha512-x3si0TXYB5J/NJOFMRVbyWmX3zexuY12xrM+EXKGiaSuHt818v5bCBgYV5TPvcwoAdffPFYXQ8F2VAu9J/HvYQ==",
      "license": "MIT",
      "bin": {
        "qm": "dist/bin/qm.js"
      },
      "engines": {
        "node": ">=24.0.0"
      }
    }
  }
}
